
Microsoft Visual Studio Solution File, Format Version 12.00
# Visual Studio Version 17
VisualStudioVersion = 17.12.35527.113 d17.12
MinimumVisualStudioVersion = 10.0.40219.1
Project("{FAE04EC0-301F-11D3-BF4B-00C04F79EFBC}") = "ProjectClawMachine", "ProjectClawMachine\ProjectClawMachine.csproj", "{4EFFEA35-A656-4CB8-8F0E-9E88D2952B49}"
EndProject
Project("{FAE04EC0-301F-11D3-BF4B-00C04F79EFBC}") = "ClawMachineSever", "ClawMachineSever\ClawMachineSever.csproj", "{634EB3D3-6AAB-4F91-9BA1-18C8A130298C}"
EndProject
Global
	GlobalSection(SolutionConfigurationPlatforms) = preSolution
		Debug|Any CPU = Debug|Any CPU
		Release|Any CPU = Release|Any CPU
	EndGlobalSection
	GlobalSection(ProjectConfigurationPlatforms) = postSolution
		{4EFFEA35-A656-4CB8-8F0E-9E88D2952B49}.Debug|Any CPU.ActiveCfg = Debug|Any CPU
		{4EFFEA35-A656-4CB8-8F0E-9E88D2952B49}.Debug|Any CPU.Build.0 = Debug|Any CPU
		{4EFFEA35-A656-4CB8-8F0E-9E88D2952B49}.Release|Any CPU.ActiveCfg = Release|Any CPU
		{4EFFEA35-A656-4CB8-8F0E-9E88D2952B49}.Release|Any CPU.Build.0 = Release|Any CPU
		{634EB3D3-6AAB-4F91-9BA1-18C8A130298C}.Debug|Any CPU.ActiveCfg = Debug|Any CPU
		{634EB3D3-6AAB-4F91-9BA1-18C8A130298C}.Debug|Any CPU.Build.0 = Debug|Any CPU
		{634EB3D3-6AAB-4F91-9BA1-18C8A130298C}.Release|Any CPU.ActiveCfg = Release|Any CPU
		{634EB3D3-6AAB-4F91-9BA1-18C8A130298C}.Release|Any CPU.Build.0 = Release|Any CPU
	EndGlobalSection
	GlobalSection(SolutionProperties) = preSolution
		HideSolutionNode = FALSE
	EndGlobalSection
EndGlobal
